
Microsoft Visual Studio Solution File, Format Version 12.00
# Visual Studio 15
VisualStudioVersion = 15.0.28307.1231
MinimumVisualStudioVersion = 10.0.40219.1
Project("{FAE04EC0-301F-11D3-BF4B-00C04F79EFBC}") = "PizzaProject", "PizzaProject\PizzaProject.csproj", "{3C471A12-2DBD-4389-9407-44BD0E226FB0}"
EndProject
Project("{FAE04EC0-301F-11D3-BF4B-00C04F79EFBC}") = "PizzaLibrary", "PizzaLibrary\PizzaLibrary.csproj", "{0466AD6E-487E-41AE-B36C-75F1BF21FF72}"
EndProject
Global
	GlobalSection(SolutionConfigurationPlatforms) = preSolution
		Debug|Any CPU = Debug|Any CPU
		Release|Any CPU = Release|Any CPU
	EndGlobalSection
	GlobalSection(ProjectConfigurationPlatforms) = postSolution
		{3C471A12-2DBD-4389-9407-44BD0E226FB0}.Debug|Any CPU.ActiveCfg = Debug|Any CPU
		{3C471A12-2DBD-4389-9407-44BD0E226FB0}.Debug|Any CPU.Build.0 = Debug|Any CPU
		{3C471A12-2DBD-4389-9407-44BD0E226FB0}.Release|Any CPU.ActiveCfg = Release|Any CPU
		{3C471A12-2DBD-4389-9407-44BD0E226FB0}.Release|Any CPU.Build.0 = Release|Any CPU
		{0466AD6E-487E-41AE-B36C-75F1BF21FF72}.Debug|Any CPU.ActiveCfg = Debug|Any CPU
		{0466AD6E-487E-41AE-B36C-75F1BF21FF72}.Debug|Any CPU.Build.0 = Debug|Any CPU
		{0466AD6E-487E-41AE-B36C-75F1BF21FF72}.Release|Any CPU.ActiveCfg = Release|Any CPU
		{0466AD6E-487E-41AE-B36C-75F1BF21FF72}.Release|Any CPU.Build.0 = Release|Any CPU
	EndGlobalSection
	GlobalSection(SolutionProperties) = preSolution
		HideSolutionNode = FALSE
	EndGlobalSection
	GlobalSection(ExtensibilityGlobals) = postSolution
		SolutionGuid = {6FD917EF-6F7E-4991-82BF-C8B33839F138}
	EndGlobalSection
EndGlobal
